
Microsoft Visual Studio Solution File, Format Version 12.00
# Visual Studio Version 17
VisualStudioVersion = 17.11.35312.102
MinimumVisualStudioVersion = 10.0.40219.1
Project("{9A19103F-16F7-4668-BE54-9A1E7A4F7556}") = "PaymentHub.Api", "PaymentHub.Api\PaymentHub.Api.csproj", "{3F9DE2BB-20B4-4C17-8894-60DE071CBA81}"
EndProject
Project("{9A19103F-16F7-4668-BE54-9A1E7A4F7556}") = "PaymentHub.Application", "PaymentHub.Application\PaymentHub.Application.csproj", "{D31A9BAE-3E65-4EFC-A5A7-5B2350B1F241}"
EndProject
Project("{9A19103F-16F7-4668-BE54-9A1E7A4F7556}") = "PaymentHub.Domain", "PaymentHub.Domain\PaymentHub.Domain.csproj", "{6204BEAA-C96F-46C3-A01D-D020708B8E1C}"
EndProject
Project("{9A19103F-16F7-4668-BE54-9A1E7A4F7556}") = "PaymentHub.Infrastructure", "PaymentHub.Infrastructure\PaymentHub.Infrastructure.csproj", "{5D8193CB-8BD2-4487-BD69-98CB82766828}"
EndProject
Project("{9A19103F-16F7-4668-BE54-9A1E7A4F7556}") = "PaymentHub.Tests", "PaymentHub.Tests\PaymentHub.Tests.csproj", "{A4C15816-FC97-4FFE-98B1-03E456BD5F4B}"
EndProject
Project("{9A19103F-16F7-4668-BE54-9A1E7A4F7556}") = "PaymentHub.Configuration", "PaymentHub.Configuration\PaymentHub.Configuration.csproj", "{0050E29B-B813-4A15-B99C-7BA45CE694CE}"
EndProject
Project("{FAE04EC0-301F-11D3-BF4B-00C04F79EFBC}") = "PaymentHub.Network", "PaymentHub.Network\PaymentHub.Network.csproj", "{A14B9F75-7BA2-4A3A-9FD2-794B8A854D46}"
EndProject
Global
	GlobalSection(SolutionConfigurationPlatforms) = preSolution
		Debug|Any CPU = Debug|Any CPU
		Release|Any CPU = Release|Any CPU
	EndGlobalSection
	GlobalSection(ProjectConfigurationPlatforms) = postSolution
		{3F9DE2BB-20B4-4C17-8894-60DE071CBA81}.Debug|Any CPU.ActiveCfg = Debug|Any CPU
		{3F9DE2BB-20B4-4C17-8894-60DE071CBA81}.Debug|Any CPU.Build.0 = Debug|Any CPU
		{3F9DE2BB-20B4-4C17-8894-60DE071CBA81}.Release|Any CPU.ActiveCfg = Release|Any CPU
		{3F9DE2BB-20B4-4C17-8894-60DE071CBA81}.Release|Any CPU.Build.0 = Release|Any CPU
		{D31A9BAE-3E65-4EFC-A5A7-5B2350B1F241}.Debug|Any CPU.ActiveCfg = Debug|Any CPU
		{D31A9BAE-3E65-4EFC-A5A7-5B2350B1F241}.Debug|Any CPU.Build.0 = Debug|Any CPU
		{D31A9BAE-3E65-4EFC-A5A7-5B2350B1F241}.Release|Any CPU.ActiveCfg = Release|Any CPU
		{D31A9BAE-3E65-4EFC-A5A7-5B2350B1F241}.Release|Any CPU.Build.0 = Release|Any CPU
		{6204BEAA-C96F-46C3-A01D-D020708B8E1C}.Debug|Any CPU.ActiveCfg = Debug|Any CPU
		{6204BEAA-C96F-46C3-A01D-D020708B8E1C}.Debug|Any CPU.Build.0 = Debug|Any CPU
		{6204BEAA-C96F-46C3-A01D-D020708B8E1C}.Release|Any CPU.ActiveCfg = Release|Any CPU
		{6204BEAA-C96F-46C3-A01D-D020708B8E1C}.Release|Any CPU.Build.0 = Release|Any CPU
		{5D8193CB-8BD2-4487-BD69-98CB82766828}.Debug|Any CPU.ActiveCfg = Debug|Any CPU
		{5D8193CB-8BD2-4487-BD69-98CB82766828}.Debug|Any CPU.Build.0 = Debug|Any CPU
		{5D8193CB-8BD2-4487-BD69-98CB82766828}.Release|Any CPU.ActiveCfg = Release|Any CPU
		{5D8193CB-8BD2-4487-BD69-98CB82766828}.Release|Any CPU.Build.0 = Release|Any CPU
		{A4C15816-FC97-4FFE-98B1-03E456BD5F4B}.Debug|Any CPU.ActiveCfg = Debug|Any CPU
		{A4C15816-FC97-4FFE-98B1-03E456BD5F4B}.Debug|Any CPU.Build.0 = Debug|Any CPU
		{A4C15816-FC97-4FFE-98B1-03E456BD5F4B}.Release|Any CPU.ActiveCfg = Release|Any CPU
		{A4C15816-FC97-4FFE-98B1-03E456BD5F4B}.Release|Any CPU.Build.0 = Release|Any CPU
		{0050E29B-B813-4A15-B99C-7BA45CE694CE}.Debug|Any CPU.ActiveCfg = Debug|Any CPU
		{0050E29B-B813-4A15-B99C-7BA45CE694CE}.Debug|Any CPU.Build.0 = Debug|Any CPU
		{0050E29B-B813-4A15-B99C-7BA45CE694CE}.Release|Any CPU.ActiveCfg = Release|Any CPU
		{0050E29B-B813-4A15-B99C-7BA45CE694CE}.Release|Any CPU.Build.0 = Release|Any CPU
		{A14B9F75-7BA2-4A3A-9FD2-794B8A854D46}.Debug|Any CPU.ActiveCfg = Debug|Any CPU
		{A14B9F75-7BA2-4A3A-9FD2-794B8A854D46}.Debug|Any CPU.Build.0 = Debug|Any CPU
		{A14B9F75-7BA2-4A3A-9FD2-794B8A854D46}.Release|Any CPU.ActiveCfg = Release|Any CPU
		{A14B9F75-7BA2-4A3A-9FD2-794B8A854D46}.Release|Any CPU.Build.0 = Release|Any CPU
	EndGlobalSection
	GlobalSection(SolutionProperties) = preSolution
		HideSolutionNode = FALSE
	EndGlobalSection
	GlobalSection(ExtensibilityGlobals) = postSolution
		SolutionGuid = {CB3D3F74-7109-4B12-91ED-5CBD4157D673}
	EndGlobalSection
EndGlobal
